
Microsoft Visual Studio Solution File, Format Version 12.00
# Visual Studio 14
VisualStudioVersion = 14.0.25123.0
MinimumVisualStudioVersion = 10.0.40219.1
Project("{FAE04EC0-301F-11D3-BF4B-00C04F79EFBC}") = "Example.Cache", "Example.Cache\Example.Cache.csproj", "{1AE111BD-20E6-4F4C-AA2F-1F04EE4336CE}"
EndProject
Project("{FAE04EC0-301F-11D3-BF4B-00C04F79EFBC}") = "Example.Cache.Tests", "Example.Cache.Tests\Example.Cache.Tests.csproj", "{D07E35A4-8D32-4303-87A8-EF8D8F468ADA}"
	ProjectSection(ProjectDependencies) = postProject
		{1AE111BD-20E6-4F4C-AA2F-1F04EE4336CE} = {1AE111BD-20E6-4F4C-AA2F-1F04EE4336CE}
	EndProjectSection
EndProject
Global
	GlobalSection(SolutionConfigurationPlatforms) = preSolution
		Debug|Any CPU = Debug|Any CPU
		Release|Any CPU = Release|Any CPU
	EndGlobalSection
	GlobalSection(ProjectConfigurationPlatforms) = postSolution
		{1AE111BD-20E6-4F4C-AA2F-1F04EE4336CE}.Debug|Any CPU.ActiveCfg = Debug|Any CPU
		{1AE111BD-20E6-4F4C-AA2F-1F04EE4336CE}.Debug|Any CPU.Build.0 = Debug|Any CPU
		{1AE111BD-20E6-4F4C-AA2F-1F04EE4336CE}.Release|Any CPU.ActiveCfg = Release|Any CPU
		{1AE111BD-20E6-4F4C-AA2F-1F04EE4336CE}.Release|Any CPU.Build.0 = Release|Any CPU
		{D07E35A4-8D32-4303-87A8-EF8D8F468ADA}.Debug|Any CPU.ActiveCfg = Debug|Any CPU
		{D07E35A4-8D32-4303-87A8-EF8D8F468ADA}.Debug|Any CPU.Build.0 = Debug|Any CPU
		{D07E35A4-8D32-4303-87A8-EF8D8F468ADA}.Release|Any CPU.ActiveCfg = Release|Any CPU
		{D07E35A4-8D32-4303-87A8-EF8D8F468ADA}.Release|Any CPU.Build.0 = Release|Any CPU
	EndGlobalSection
	GlobalSection(SolutionProperties) = preSolution
		HideSolutionNode = FALSE
	EndGlobalSection
EndGlobal
